
Microsoft Visual Studio Solution File, Format Version 12.00
# Visual Studio Version 17
VisualStudioVersion = 17.11.35111.106
MinimumVisualStudioVersion = 10.0.40219.1
Project("{FAE04EC0-301F-11D3-BF4B-00C04F79EFBC}") = "Blog", "Blog.csproj", "{9EE1B71F-6B4A-4463-BB24-3BAB77796401}"
EndProject
Global
	GlobalSection(SolutionConfigurationPlatforms) = preSolution
		Debug|Any CPU = Debug|Any CPU
		Release|Any CPU = Release|Any CPU
	EndGlobalSection
	GlobalSection(ProjectConfigurationPlatforms) = postSolution
		{9EE1B71F-6B4A-4463-BB24-3BAB77796401}.Debug|Any CPU.ActiveCfg = Debug|Any CPU
		{9EE1B71F-6B4A-4463-BB24-3BAB77796401}.Debug|Any CPU.Build.0 = Debug|Any CPU
		{9EE1B71F-6B4A-4463-BB24-3BAB77796401}.Release|Any CPU.ActiveCfg = Release|Any CPU
		{9EE1B71F-6B4A-4463-BB24-3BAB77796401}.Release|Any CPU.Build.0 = Release|Any CPU
	EndGlobalSection
	GlobalSection(SolutionProperties) = preSolution
		HideSolutionNode = FALSE
	EndGlobalSection
	GlobalSection(ExtensibilityGlobals) = postSolution
		SolutionGuid = {54A9AFB7-170F-4E73-8769-1FA268E873D8}
	EndGlobalSection
EndGlobal
